
Microsoft Visual Studio Solution File, Format Version 12.00
# Visual Studio Version 16
VisualStudioVersion = 16.0.31515.178
MinimumVisualStudioVersion = 10.0.40219.1
Project("{9A19103F-16F7-4668-BE54-9A1E7A4F7556}") = "Pokedex.Api", "Pokedex\Pokedex.Api.csproj", "{C018B288-5D24-427B-A8DB-1179B220CEAF}"
EndProject
Project("{9A19103F-16F7-4668-BE54-9A1E7A4F7556}") = "Pokedex.Contract", "Pokedex.Contract\Pokedex.Contract.csproj", "{D9A1708D-0121-47D3-A054-BB4479997EF6}"
EndProject
Project("{9A19103F-16F7-4668-BE54-9A1E7A4F7556}") = "Pokedex.Api.UnitTests", "Pokedex.Api.UnitTests\Pokedex.Api.UnitTests.csproj", "{0A891C5D-67D2-4DE6-A842-6B6F36D7E21E}"
EndProject
Project("{2150E333-8FDC-42A3-9474-1A3956D46DE8}") = "tests", "tests", "{B78BC7A9-BCB8-415F-ACF9-F52F949AE727}"
EndProject
Project("{FAE04EC0-301F-11D3-BF4B-00C04F79EFBC}") = "Pokedex.Api.IntegrationTests", "Pokedex.Api.IntegrationTests\Pokedex.Api.IntegrationTests.csproj", "{44167FFE-1466-4AC0-BDA6-1B18B000C4BC}"
EndProject
Global
	GlobalSection(SolutionConfigurationPlatforms) = preSolution
		Debug|Any CPU = Debug|Any CPU
		Release|Any CPU = Release|Any CPU
	EndGlobalSection
	GlobalSection(ProjectConfigurationPlatforms) = postSolution
		{C018B288-5D24-427B-A8DB-1179B220CEAF}.Debug|Any CPU.ActiveCfg = Debug|Any CPU
		{C018B288-5D24-427B-A8DB-1179B220CEAF}.Debug|Any CPU.Build.0 = Debug|Any CPU
		{C018B288-5D24-427B-A8DB-1179B220CEAF}.Release|Any CPU.ActiveCfg = Release|Any CPU
		{C018B288-5D24-427B-A8DB-1179B220CEAF}.Release|Any CPU.Build.0 = Release|Any CPU
		{D9A1708D-0121-47D3-A054-BB4479997EF6}.Debug|Any CPU.ActiveCfg = Debug|Any CPU
		{D9A1708D-0121-47D3-A054-BB4479997EF6}.Debug|Any CPU.Build.0 = Debug|Any CPU
		{D9A1708D-0121-47D3-A054-BB4479997EF6}.Release|Any CPU.ActiveCfg = Release|Any CPU
		{D9A1708D-0121-47D3-A054-BB4479997EF6}.Release|Any CPU.Build.0 = Release|Any CPU
		{0A891C5D-67D2-4DE6-A842-6B6F36D7E21E}.Debug|Any CPU.ActiveCfg = Debug|Any CPU
		{0A891C5D-67D2-4DE6-A842-6B6F36D7E21E}.Debug|Any CPU.Build.0 = Debug|Any CPU
		{0A891C5D-67D2-4DE6-A842-6B6F36D7E21E}.Release|Any CPU.ActiveCfg = Release|Any CPU
		{0A891C5D-67D2-4DE6-A842-6B6F36D7E21E}.Release|Any CPU.Build.0 = Release|Any CPU
		{44167FFE-1466-4AC0-BDA6-1B18B000C4BC}.Debug|Any CPU.ActiveCfg = Debug|Any CPU
		{44167FFE-1466-4AC0-BDA6-1B18B000C4BC}.Debug|Any CPU.Build.0 = Debug|Any CPU
		{44167FFE-1466-4AC0-BDA6-1B18B000C4BC}.Release|Any CPU.ActiveCfg = Release|Any CPU
		{44167FFE-1466-4AC0-BDA6-1B18B000C4BC}.Release|Any CPU.Build.0 = Release|Any CPU
	EndGlobalSection
	GlobalSection(SolutionProperties) = preSolution
		HideSolutionNode = FALSE
	EndGlobalSection
	GlobalSection(NestedProjects) = preSolution
		{0A891C5D-67D2-4DE6-A842-6B6F36D7E21E} = {B78BC7A9-BCB8-415F-ACF9-F52F949AE727}
		{44167FFE-1466-4AC0-BDA6-1B18B000C4BC} = {B78BC7A9-BCB8-415F-ACF9-F52F949AE727}
	EndGlobalSection
	GlobalSection(ExtensibilityGlobals) = postSolution
		SolutionGuid = {0D07D140-A92C-4F65-83B2-AAECDB2B7FA3}
	EndGlobalSection
EndGlobal
